
Microsoft Visual Studio Solution File, Format Version 12.00
# Visual Studio 15
VisualStudioVersion = 15.0.28307.489
MinimumVisualStudioVersion = 10.0.40219.1
Project("{2150E333-8FDC-42A3-9474-1A3956D46DE8}") = "Application", "Application", "{8EEA4FD0-9F49-4D04-9250-298A16F9093D}"
EndProject
Project("{2150E333-8FDC-42A3-9474-1A3956D46DE8}") = "Domain", "Domain", "{47A51F8E-7B6D-458D-AA51-A9BD12A52471}"
EndProject
Project("{2150E333-8FDC-42A3-9474-1A3956D46DE8}") = "Infra.IoC", "Infra.IoC", "{A5ED66D1-4755-43D4-8575-2798733CA5B2}"
EndProject
Project("{2150E333-8FDC-42A3-9474-1A3956D46DE8}") = "Infra.Data", "Infra.Data", "{89184E38-575B-46C7-BE3C-D7F43FAB1C5D}"
EndProject
Project("{2150E333-8FDC-42A3-9474-1A3956D46DE8}") = "Presentation", "Presentation", "{D4954DF2-B0AA-419E-8350-F93B7652BE00}"
EndProject
Project("{9A19103F-16F7-4668-BE54-9A1E7A4F7556}") = "CleanArch.Mvc", "CleanArch.Mvc\CleanArch.Mvc.csproj", "{1398661D-D396-4905-A723-EC82DB7A592E}"
EndProject
Project("{FAE04EC0-301F-11D3-BF4B-00C04F79EFBC}") = "CleanArch.Domain", "CleanArch.Domain\CleanArch.Domain.csproj", "{0D47B3F8-0D9D-4A52-A84D-A80AD24E77AB}"
EndProject
Project("{FAE04EC0-301F-11D3-BF4B-00C04F79EFBC}") = "CleanArch.Infra.Data", "CleanArch.Infra.Data\CleanArch.Infra.Data.csproj", "{A0780377-CD53-450C-98EB-0E3507D8E852}"
EndProject
Project("{FAE04EC0-301F-11D3-BF4B-00C04F79EFBC}") = "CleanArch.Application", "CleanArch.Application\CleanArch.Application.csproj", "{F223A925-88B3-4826-AB0E-A793C88C0FC1}"
EndProject
Project("{FAE04EC0-301F-11D3-BF4B-00C04F79EFBC}") = "CleanArch.Infra.IOC", "CleanArch.Infra.IOC\CleanArch.Infra.IOC.csproj", "{2D2BDFA7-F56E-4F1E-8FAB-F88E50FFB935}"
EndProject
Project("{2150E333-8FDC-42A3-9474-1A3956D46DE8}") = "Infra.Bus", "Infra.Bus", "{1B2C634C-A0C6-4029-B179-87E903A07636}"
EndProject
Project("{2150E333-8FDC-42A3-9474-1A3956D46DE8}") = "Api", "Api", "{AC08CFDB-77D9-4786-9415-56EF5870884D}"
EndProject
Global
	GlobalSection(SolutionConfigurationPlatforms) = preSolution
		Debug|Any CPU = Debug|Any CPU
		Release|Any CPU = Release|Any CPU
	EndGlobalSection
	GlobalSection(ProjectConfigurationPlatforms) = postSolution
		{1398661D-D396-4905-A723-EC82DB7A592E}.Debug|Any CPU.ActiveCfg = Debug|Any CPU
		{1398661D-D396-4905-A723-EC82DB7A592E}.Debug|Any CPU.Build.0 = Debug|Any CPU
		{1398661D-D396-4905-A723-EC82DB7A592E}.Release|Any CPU.ActiveCfg = Release|Any CPU
		{1398661D-D396-4905-A723-EC82DB7A592E}.Release|Any CPU.Build.0 = Release|Any CPU
		{0D47B3F8-0D9D-4A52-A84D-A80AD24E77AB}.Debug|Any CPU.ActiveCfg = Debug|Any CPU
		{0D47B3F8-0D9D-4A52-A84D-A80AD24E77AB}.Debug|Any CPU.Build.0 = Debug|Any CPU
		{0D47B3F8-0D9D-4A52-A84D-A80AD24E77AB}.Release|Any CPU.ActiveCfg = Release|Any CPU
		{0D47B3F8-0D9D-4A52-A84D-A80AD24E77AB}.Release|Any CPU.Build.0 = Release|Any CPU
		{A0780377-CD53-450C-98EB-0E3507D8E852}.Debug|Any CPU.ActiveCfg = Debug|Any CPU
		{A0780377-CD53-450C-98EB-0E3507D8E852}.Debug|Any CPU.Build.0 = Debug|Any CPU
		{A0780377-CD53-450C-98EB-0E3507D8E852}.Release|Any CPU.ActiveCfg = Release|Any CPU
		{A0780377-CD53-450C-98EB-0E3507D8E852}.Release|Any CPU.Build.0 = Release|Any CPU
		{F223A925-88B3-4826-AB0E-A793C88C0FC1}.Debug|Any CPU.ActiveCfg = Debug|Any CPU
		{F223A925-88B3-4826-AB0E-A793C88C0FC1}.Debug|Any CPU.Build.0 = Debug|Any CPU
		{F223A925-88B3-4826-AB0E-A793C88C0FC1}.Release|Any CPU.ActiveCfg = Release|Any CPU
		{F223A925-88B3-4826-AB0E-A793C88C0FC1}.Release|Any CPU.Build.0 = Release|Any CPU
		{2D2BDFA7-F56E-4F1E-8FAB-F88E50FFB935}.Debug|Any CPU.ActiveCfg = Debug|Any CPU
		{2D2BDFA7-F56E-4F1E-8FAB-F88E50FFB935}.Debug|Any CPU.Build.0 = Debug|Any CPU
		{2D2BDFA7-F56E-4F1E-8FAB-F88E50FFB935}.Release|Any CPU.ActiveCfg = Release|Any CPU
		{2D2BDFA7-F56E-4F1E-8FAB-F88E50FFB935}.Release|Any CPU.Build.0 = Release|Any CPU
	EndGlobalSection
	GlobalSection(SolutionProperties) = preSolution
		HideSolutionNode = FALSE
	EndGlobalSection
	GlobalSection(NestedProjects) = preSolution
		{1398661D-D396-4905-A723-EC82DB7A592E} = {D4954DF2-B0AA-419E-8350-F93B7652BE00}
		{0D47B3F8-0D9D-4A52-A84D-A80AD24E77AB} = {47A51F8E-7B6D-458D-AA51-A9BD12A52471}
		{A0780377-CD53-450C-98EB-0E3507D8E852} = {89184E38-575B-46C7-BE3C-D7F43FAB1C5D}
		{F223A925-88B3-4826-AB0E-A793C88C0FC1} = {8EEA4FD0-9F49-4D04-9250-298A16F9093D}
		{2D2BDFA7-F56E-4F1E-8FAB-F88E50FFB935} = {A5ED66D1-4755-43D4-8575-2798733CA5B2}
	EndGlobalSection
	GlobalSection(ExtensibilityGlobals) = postSolution
		SolutionGuid = {EC5EDBCC-C86D-4D63-B88D-525F061ACA2A}
	EndGlobalSection
EndGlobal
